
Microsoft Visual Studio Solution File, Format Version 12.00
# Visual Studio Version 16
VisualStudioVersion = 16.0.30717.126
MinimumVisualStudioVersion = 10.0.40219.1
Project("{9A19103F-16F7-4668-BE54-9A1E7A4F7556}") = "AG_CategoryProducts.Bussines", "AG_CategoryProducts.Bussines.csproj", "{3169EAA5-C927-4A03-9B22-BA19C2FB56AD}"
EndProject
Project("{9A19103F-16F7-4668-BE54-9A1E7A4F7556}") = "AG_CategoryProducts.Models", "..\AG_CategoryProducts.Models\AG_CategoryProducts.Models.csproj", "{55D1E6EB-650A-41A1-BA92-635E7D0832C0}"
EndProject
Project("{9A19103F-16F7-4668-BE54-9A1E7A4F7556}") = "AG_CategoryProducts.Data", "..\AG_CategoryProducts.Data\AG_CategoryProducts.Data.csproj", "{FE47F2D3-0433-437C-980F-BE888845ACED}"
EndProject
Project("{9A19103F-16F7-4668-BE54-9A1E7A4F7556}") = "AG_CategoryProducts.WebApi", "..\AG_CategoryProducts.WebApi\AG_CategoryProducts.WebApi.csproj", "{9BCE52BE-5AE0-4B4D-B3A5-3734680325AE}"
EndProject
Global
	GlobalSection(SolutionConfigurationPlatforms) = preSolution
		Debug|Any CPU = Debug|Any CPU
		Release|Any CPU = Release|Any CPU
	EndGlobalSection
	GlobalSection(ProjectConfigurationPlatforms) = postSolution
		{3169EAA5-C927-4A03-9B22-BA19C2FB56AD}.Debug|Any CPU.ActiveCfg = Debug|Any CPU
		{3169EAA5-C927-4A03-9B22-BA19C2FB56AD}.Debug|Any CPU.Build.0 = Debug|Any CPU
		{3169EAA5-C927-4A03-9B22-BA19C2FB56AD}.Release|Any CPU.ActiveCfg = Release|Any CPU
		{3169EAA5-C927-4A03-9B22-BA19C2FB56AD}.Release|Any CPU.Build.0 = Release|Any CPU
		{55D1E6EB-650A-41A1-BA92-635E7D0832C0}.Debug|Any CPU.ActiveCfg = Debug|Any CPU
		{55D1E6EB-650A-41A1-BA92-635E7D0832C0}.Debug|Any CPU.Build.0 = Debug|Any CPU
		{55D1E6EB-650A-41A1-BA92-635E7D0832C0}.Release|Any CPU.ActiveCfg = Release|Any CPU
		{55D1E6EB-650A-41A1-BA92-635E7D0832C0}.Release|Any CPU.Build.0 = Release|Any CPU
		{FE47F2D3-0433-437C-980F-BE888845ACED}.Debug|Any CPU.ActiveCfg = Debug|Any CPU
		{FE47F2D3-0433-437C-980F-BE888845ACED}.Debug|Any CPU.Build.0 = Debug|Any CPU
		{FE47F2D3-0433-437C-980F-BE888845ACED}.Release|Any CPU.ActiveCfg = Release|Any CPU
		{FE47F2D3-0433-437C-980F-BE888845ACED}.Release|Any CPU.Build.0 = Release|Any CPU
		{9BCE52BE-5AE0-4B4D-B3A5-3734680325AE}.Debug|Any CPU.ActiveCfg = Debug|Any CPU
		{9BCE52BE-5AE0-4B4D-B3A5-3734680325AE}.Debug|Any CPU.Build.0 = Debug|Any CPU
		{9BCE52BE-5AE0-4B4D-B3A5-3734680325AE}.Release|Any CPU.ActiveCfg = Release|Any CPU
		{9BCE52BE-5AE0-4B4D-B3A5-3734680325AE}.Release|Any CPU.Build.0 = Release|Any CPU
	EndGlobalSection
	GlobalSection(SolutionProperties) = preSolution
		HideSolutionNode = FALSE
	EndGlobalSection
	GlobalSection(ExtensibilityGlobals) = postSolution
		SolutionGuid = {67DF7A72-7EF8-4026-A55F-8B3EAD69E5DE}
	EndGlobalSection
EndGlobal
